<Solution>
  <Project Path="APIGateway/APIGateway.csproj" Id="1c05da04-96b8-4c2a-9685-71eedceeda3c" />
  <Project Path="docker-compose.dcproj">
    <Build />
  </Project>
  <Project Path="Ecommerce.API/Ecommerce.API.csproj" />
  <Project Path="Ecommerce.BusinessLogicLayer/Ecommerce.BusinessLogicLayer.csproj" />
  <Project Path="Ecommerce.DataAccessLayer/Ecommerce.DataAccessLayer.csproj" />
</Solution>
